Microsoft Visual Studio Solution File, Format Version 12.00
# Visual Studio Version 17
VisualStudioVersion = 17.5.2.0
MinimumVisualStudioVersion = 10.0.40219.1
Project("{FAE04EC0-301F-11D3-BF4B-00C04F79EFBC}") = "StubbornKnight", "StubbornKnight.csproj", "{F1209B30-5945-2C98-BF21-7566A444E37B}"
EndProject
Global
	GlobalSection(SolutionConfigurationPlatforms) = preSolution
		Debug|Any CPU = Debug|Any CPU
		Release|Any CPU = Release|Any CPU
	EndGlobalSection
	GlobalSection(ProjectConfigurationPlatforms) = postSolution
		{F1209B30-5945-2C98-BF21-7566A444E37B}.Debug|Any CPU.ActiveCfg = Debug|Any CPU
		{F1209B30-5945-2C98-BF21-7566A444E37B}.Debug|Any CPU.Build.0 = Debug|Any CPU
		{F1209B30-5945-2C98-BF21-7566A444E37B}.Release|Any CPU.ActiveCfg = Release|Any CPU
		{F1209B30-5945-2C98-BF21-7566A444E37B}.Release|Any CPU.Build.0 = Release|Any CPU
	EndGlobalSection
	GlobalSection(SolutionProperties) = preSolution
		HideSolutionNode = FALSE
	EndGlobalSection
	GlobalSection(ExtensibilityGlobals) = postSolution
		SolutionGuid = {69623128-24A2-48D6-8E10-BC394A13A992}
	EndGlobalSection
EndGlobal